
Microsoft Visual Studio Solution File, Format Version 12.00
# Visual Studio Version 17
VisualStudioVersion = 17.11.35222.181
MinimumVisualStudioVersion = 10.0.40219.1
Project("{FAE04EC0-301F-11D3-BF4B-00C04F79EFBC}") = "EP 01 - 3", "EP 01 - 3.csproj", "{28F36EB9-D2C4-4038-B90E-540E52E07506}"
EndProject
Global
	GlobalSection(SolutionConfigurationPlatforms) = preSolution
		Debug|Any CPU = Debug|Any CPU
		Release|Any CPU = Release|Any CPU
	EndGlobalSection
	GlobalSection(ProjectConfigurationPlatforms) = postSolution
		{28F36EB9-D2C4-4038-B90E-540E52E07506}.Debug|Any CPU.ActiveCfg = Debug|Any CPU
		{28F36EB9-D2C4-4038-B90E-540E52E07506}.Debug|Any CPU.Build.0 = Debug|Any CPU
		{28F36EB9-D2C4-4038-B90E-540E52E07506}.Release|Any CPU.ActiveCfg = Release|Any CPU
		{28F36EB9-D2C4-4038-B90E-540E52E07506}.Release|Any CPU.Build.0 = Release|Any CPU
	EndGlobalSection
	GlobalSection(SolutionProperties) = preSolution
		HideSolutionNode = FALSE
	EndGlobalSection
	GlobalSection(ExtensibilityGlobals) = postSolution
		SolutionGuid = {BAEDBD87-B899-411B-8AF1-83592F27B70C}
	EndGlobalSection
EndGlobal
